
Microsoft Visual Studio Solution File, Format Version 12.00
# Visual Studio Version 17
VisualStudioVersion = 17.14.36414.22 d17.14
MinimumVisualStudioVersion = 10.0.40219.1
Project("{FAE04EC0-301F-11D3-BF4B-00C04F79EFBC}") = "Timonin_ISP-233_ISRPO_Lab5_Homework", "Timonin_ISP-233_ISRPO_Lab5_Homework.csproj", "{2838A33F-6DE0-42FA-9CB2-1CA73628286D}"
EndProject
Global
	GlobalSection(SolutionConfigurationPlatforms) = preSolution
		Debug|Any CPU = Debug|Any CPU
		Release|Any CPU = Release|Any CPU
	EndGlobalSection
	GlobalSection(ProjectConfigurationPlatforms) = postSolution
		{2838A33F-6DE0-42FA-9CB2-1CA73628286D}.Debug|Any CPU.ActiveCfg = Debug|Any CPU
		{2838A33F-6DE0-42FA-9CB2-1CA73628286D}.Debug|Any CPU.Build.0 = Debug|Any CPU
		{2838A33F-6DE0-42FA-9CB2-1CA73628286D}.Release|Any CPU.ActiveCfg = Release|Any CPU
		{2838A33F-6DE0-42FA-9CB2-1CA73628286D}.Release|Any CPU.Build.0 = Release|Any CPU
	EndGlobalSection
	GlobalSection(SolutionProperties) = preSolution
		HideSolutionNode = FALSE
	EndGlobalSection
	GlobalSection(ExtensibilityGlobals) = postSolution
		SolutionGuid = {A6DA008E-E697-4D71-B578-A4AEFC261E9A}
	EndGlobalSection
EndGlobal
